# This file is automatically @generated by Cargo.
# It is not intended for manual editing.
version = 3

[[package]]
name = "itoa"
version = "1.0.18"
source = "registry+https://github.com/rust-lang/crates.io-index"
checksum = "8f42a60cbdf9a97f5d2305f08a87dc4e09308d1276d28c869c684d7777685682"

[[package]]
name = "memchr"
version = "2.8.1"
source = "registry+https://github.com/rust-lang/crates.io-index"
checksum = "6b947ae49db0d222b1dbc6b113ce7248a3fc3a6ca21b696717bfc000ba4484d8"

[[package]]
name = "proc-macro2"
version = "1.0.106"
source = "registry+https://github.com/rust-lang/crates.io-index"
checksum = "8fd00f0bb2e90d81d1044c2b32617f68fcb9fa3bb7640c23e9c748e53fb30934"
dependencies = [
 "unicode-ident",
]

[[package]]
name = "quote"
version = "1.0.45"
source = "registry+https://github.com/rust-lang/crates.io-index"
checksum = "41f2619966050689382d2b44f664f4bc593e129785a36d6ee376ddf37259b924"
dependencies = [
 "proc-macro2",
]

[[package]]
name = "sashite-epin"
version = "1.0.0"
source = "registry+https://github.com/rust-lang/crates.io-index"
checksum = "7753a4f1cfb4f5dd33bde131ad85d0d8b3d5840c605dfe28720d909cc53538fb"
dependencies = [
 "sashite-pin",
]

[[package]]
name = "sashite-feen"
version = "0.1.0"
source = "registry+https://github.com/rust-lang/crates.io-index"
checksum = "f6a7818be026e5fdbf9b94eb35b311496a62c47a41fa9e021ff58fa24147477a"
dependencies = [
 "sashite-epin",
 "sashite-qi",
 "sashite-sin",
]

[[package]]
name = "sashite-pin"
version = "1.0.1"
source = "registry+https://github.com/rust-lang/crates.io-index"
checksum = "965f5c105a144349d47a2e3942fe68512e5465a388ea82070b83e0856d4942a3"

[[package]]
name = "sashite-qi"
version = "0.1.0"
source = "registry+https://github.com/rust-lang/crates.io-index"
checksum = "7344dcd33c42046e032b0616065ea4016243fed770eb5854eccf941e8b02169e"

[[package]]
name = "sashite-sanki-arbiter"
version = "0.2.1"
dependencies = [
 "sashite-sanki-engine",
]

[[package]]
name = "sashite-sanki-engine"
version = "0.2.0"
source = "registry+https://github.com/rust-lang/crates.io-index"
checksum = "cdd99375d0cb9cda11ec93d84230e6d1b2ba356963c3d429fea2502fcc2e9779"
dependencies = [
 "sashite-epin",
 "sashite-feen",
 "sashite-qi",
 "sashite-sin",
 "serde",
 "serde_json",
]

[[package]]
name = "sashite-sin"
version = "1.0.0"
source = "registry+https://github.com/rust-lang/crates.io-index"
checksum = "9e83af8ac4ed81d515d15da7f0afd254a3e06eb66b6cd7bf795e0da5a7cc178c"

[[package]]
name = "serde"
version = "1.0.228"
source = "registry+https://github.com/rust-lang/crates.io-index"
checksum = "9a8e94ea7f378bd32cbbd37198a4a91436180c5bb472411e48b5ec2e2124ae9e"
dependencies = [
 "serde_core",
 "serde_derive",
]

[[package]]
name = "serde_core"
version = "1.0.228"
source = "registry+https://github.com/rust-lang/crates.io-index"
checksum = "41d385c7d4ca58e59fc732af25c3983b67ac852c1a25000afe1175de458b67ad"
dependencies = [
 "serde_derive",
]

[[package]]
name = "serde_derive"
version = "1.0.228"
source = "registry+https://github.com/rust-lang/crates.io-index"
checksum = "d540f220d3187173da220f885ab66608367b6574e925011a9353e4badda91d79"
dependencies = [
 "proc-macro2",
 "quote",
 "syn",
]

[[package]]
name = "serde_json"
version = "1.0.150"
source = "registry+https://github.com/rust-lang/crates.io-index"
checksum = "e8014e44b4736ed0538adeecded0fce2a272f22dc9578a7eb6b2d9993c74cfb9"
dependencies = [
 "itoa",
 "memchr",
 "serde",
 "serde_core",
 "zmij",
]

[[package]]
name = "syn"
version = "2.0.117"
source = "registry+https://github.com/rust-lang/crates.io-index"
checksum = "e665b8803e7b1d2a727f4023456bbbbe74da67099c585258af0ad9c5013b9b99"
dependencies = [
 "proc-macro2",
 "quote",
 "unicode-ident",
]

[[package]]
name = "unicode-ident"
version = "1.0.24"
source = "registry+https://github.com/rust-lang/crates.io-index"
checksum = "e6e4313cd5fcd3dad5cafa179702e2b244f760991f45397d14d4ebf38247da75"

[[package]]
name = "zmij"
version = "1.0.21"
source = "registry+https://github.com/rust-lang/crates.io-index"
checksum = "b8848ee67ecc8aedbaf3e4122217aff892639231befc6a1b58d29fff4c2cabaa"
